
Microsoft Visual Studio Solution File, Format Version 12.00
# Visual Studio Version 16
VisualStudioVersion = 16.0.30104.148
MinimumVisualStudioVersion = 10.0.40219.1
Project("{9A19103F-16F7-4668-BE54-9A1E7A4F7556}") = "quickstart", "quickstart.csproj", "{80311DF8-3815-49C4-8978-52788796F76F}"
EndProject
Global
	GlobalSection(SolutionConfigurationPlatforms) = preSolution
		Debug|Any CPU = Debug|Any CPU
		Release|Any CPU = Release|Any CPU
	EndGlobalSection
	GlobalSection(ProjectConfigurationPlatforms) = postSolution
		{80311DF8-3815-49C4-8978-52788796F76F}.Debug|Any CPU.ActiveCfg = Debug|Any CPU
		{80311DF8-3815-49C4-8978-52788796F76F}.Debug|Any CPU.Build.0 = Debug|Any CPU
		{80311DF8-3815-49C4-8978-52788796F76F}.Release|Any CPU.ActiveCfg = Release|Any CPU
		{80311DF8-3815-49C4-8978-52788796F76F}.Release|Any CPU.Build.0 = Release|Any CPU
	EndGlobalSection
	GlobalSection(SolutionProperties) = preSolution
		HideSolutionNode = FALSE
	EndGlobalSection
	GlobalSection(ExtensibilityGlobals) = postSolution
		SolutionGuid = {CDE1E1E4-9966-4007-B705-715CA62372D4}
	EndGlobalSection
EndGlobal
